
Microsoft Visual Studio Solution File, Format Version 12.00
# Visual Studio 15
VisualStudioVersion = 15.0.27004.2006
MinimumVisualStudioVersion = 10.0.40219.1
Project("{FAE04EC0-301F-11D3-BF4B-00C04F79EFBC}") = "DijkstraAlgorithm", "DijkstraAlgorithm\DijkstraAlgorithm.csproj", "{77932F59-86C7-478F-B79B-73B2041691C5}"
EndProject
Global
	GlobalSection(SolutionConfigurationPlatforms) = preSolution
		Debug|Any CPU = Debug|Any CPU
		Release|Any CPU = Release|Any CPU
	EndGlobalSection
	GlobalSection(ProjectConfigurationPlatforms) = postSolution
		{77932F59-86C7-478F-B79B-73B2041691C5}.Debug|Any CPU.ActiveCfg = Debug|Any CPU
		{77932F59-86C7-478F-B79B-73B2041691C5}.Debug|Any CPU.Build.0 = Debug|Any CPU
		{77932F59-86C7-478F-B79B-73B2041691C5}.Release|Any CPU.ActiveCfg = Release|Any CPU
		{77932F59-86C7-478F-B79B-73B2041691C5}.Release|Any CPU.Build.0 = Release|Any CPU
	EndGlobalSection
	GlobalSection(SolutionProperties) = preSolution
		HideSolutionNode = FALSE
	EndGlobalSection
	GlobalSection(ExtensibilityGlobals) = postSolution
		SolutionGuid = {04E4D1D7-37F7-4B6F-959B-68E66C592C61}
	EndGlobalSection
EndGlobal
